// !$*UTF8*$!
{
	archiveVersion = 1;
	classes = {
	};
	objectVersion = 56;
	objects = {

/* Begin PBXBuildFile section */
		B1C6C1822C73D8CA00D3E9EE /* AppDelegate.swift in Sources */ = {isa = PBXBuildFile; fileRef = B1C6C1812C73D8CA00D3E9EE /* AppDelegate.swift */; };
		B1C6C1842C73D8CA00D3E9EE /* SceneDelegate.swift in Sources */ = {isa = PBXBuildFile; fileRef = B1C6C1832C73D8CA00D3E9EE /* SceneDelegate.swift */; };
		B1C6C1862C73D8CA00D3E9EE /* ViewController.swift in Sources */ = {isa = PBXBuildFile; fileRef = B1C6C1852C73D8CA00D3E9EE /* ViewController.swift */; };
		B1C6C1892C73D8CA00D3E9EE /* Base in Resources */ = {isa = PBXBuildFile; fileRef = B1C6C1882C73D8CA00D3E9EE /* Base */; };
		B1C6C18B2C73D8CB00D3E9EE /* Assets.xcassets in Resources */ = {isa = PBXBuildFile; fileRef = B1C6C18A2C73D8CB00D3E9EE /* Assets.xcassets */; };
		B1C6C18E2C73D8CB00D3E9EE /* Base in Resources */ = {isa = PBXBuildFile; fileRef = B1C6C18D2C73D8CB00D3E9EE /* Base */; };
		B1C6C1992C73D8CB00D3E9EE /* IntroductStudentTests.swift in Sources */ = {isa = PBXBuildFile; fileRef = B1C6C1982C73D8CB00D3E9EE /* IntroductStudentTests.swift */; };
		B1C6C1A32C73D8CB00D3E9EE /* IntroductStudentUITests.swift in Sources */ = {isa = PBXBuildFile; fileRef = B1C6C1A22C73D8CB00D3E9EE /* IntroductStudentUITests.swift */; };
		B1C6C1A52C73D8CB00D3E9EE /* IntroductStudentUITestsLaunchTests.swift in Sources */ = {isa = PBXBuildFile; fileRef = B1C6C1A42C73D8CB00D3E9EE /* IntroductStudentUITestsLaunchTests.swift */; };
/* End PBXBuildFile section */

/* Begin PBXContainerItemProxy section */
		B1C6C1952C73D8CB00D3E9EE /* PBXContainerItemProxy */ = {
			isa = PBXContainerItemProxy;
			containerPortal = B1C6C1762C73D8C900D3E9EE /* Project object */;
			proxyType = 1;
			remoteGlobalIDString = B1C6C17D2C73D8C900D3E9EE;
			remoteInfo = IntroductStudent;
		};
		B1C6C19F2C73D8CB00D3E9EE /* PBXContainerItemProxy */ = {
			isa = PBXContainerItemProxy;
			containerPortal = B1C6C1762C73D8C900D3E9EE /* Project object */;
			proxyType = 1;
			remoteGlobalIDString = B1C6C17D2C73D8C900D3E9EE;
			remoteInfo = IntroductStudent;
		};
/* End PBXContainerItemProxy section */

/* Begin PBXFileReference section */
		B1C6C17E2C73D8CA00D3E9EE /* IntroductStudent.app */ = {isa = PBXFileReference; explicitFileType = wrapper.application; includeInIndex = 0; path = IntroductStudent.app; sourceTree = BUILT_PRODUCTS_DIR; };
		B1C6C1812C73D8CA00D3E9EE /* AppDelegate.swift */ = {isa = PBXFileReference; lastKnownFileType = sourcecode.swift; path = AppDelegate.swift; sourceTree = "<group>"; };
		B1C6C1832C73D8CA00D3E9EE /* SceneDelegate.swift */ = {isa = PBXFileReference; lastKnownFileType = sourcecode.swift; path = SceneDelegate.swift; sourceTree = "<group>"; };
		B1C6C1852C73D8CA00D3E9EE /* ViewController.swift */ = {isa = PBXFileReference; lastKnownFileType = sourcecode.swift; path = ViewController.swift; sourceTree = "<group>"; };
		B1C6C1882C73D8CA00D3E9EE /* Base */ = {isa = PBXFileReference; lastKnownFileType = file.storyboard; name = Base; path = Base.lproj/Main.storyboard; sourceTree = "<group>"; };
		B1C6C18A2C73D8CB00D3E9EE /* Assets.xcassets */ = {isa = PBXFileReference; lastKnownFileType = folder.assetcatalog; path = Assets.xcassets; sourceTree = "<group>"; };
		B1C6C18D2C73D8CB00D3E9EE /* Base */ = {isa = PBXFileReference; lastKnownFileType = file.storyboard; name = Base; path = Base.lproj/LaunchScreen.storyboard; sourceTree = "<group>"; };
		B1C6C18F2C73D8CB00D3E9EE /* Info.plist */ = {isa = PBXFileReference; lastKnownFileType = text.plist.xml; path = Info.plist; sourceTree = "<group>"; };
		B1C6C1942C73D8CB00D3E9EE /* IntroductStudentTests.xctest */ = {isa = PBXFileReference; explicitFileType = wrapper.cfbundle; includeInIndex = 0; path = IntroductStudentTests.xctest; sourceTree = BUILT_PRODUCTS_DIR; };
		B1C6C1982C73D8CB00D3E9EE /* IntroductStudentTests.swift */ = {isa = PBXFileReference; lastKnownFileType = sourcecode.swift; path = IntroductStudentTests.swift; sourceTree = "<group>"; };
		B1C6C19E2C73D8CB00D3E9EE /* IntroductStudentUITests.xctest */ = {isa = PBXFileReference; explicitFileType = wrapper.cfbundle; includeInIndex = 0; path = IntroductStudentUITests.xctest; sourceTree = BUILT_PRODUCTS_DIR; };
		B1C6C1A22C73D8CB00D3E9EE /* IntroductStudentUITests.swift */ = {isa = PBXFileReference; lastKnownFileType = sourcecode.swift; path = IntroductStudentUITests.swift; sourceTree = "<group>"; };
		B1C6C1A42C73D8CB00D3E9EE /* IntroductStudentUITestsLaunchTests.swift */ = {isa = PBXFileReference; lastKnownFileType = sourcecode.swift; path = IntroductStudentUITestsLaunchTests.swift; sourceTree = "<group>"; };
/* End PBXFileReference section */

/* Begin PBXFrameworksBuildPhase section */
		B1C6C17B2C73D8C900D3E9EE /* Frameworks */ = {
			isa = PBXFrameworksBuildPhase;
			buildActionMask = 2147483647;
			files = (
			);
			runOnlyForDeploymentPostprocessing = 0;
		};
		B1C6C1912C73D8CB00D3E9EE /* Frameworks */ = {
			isa = PBXFrameworksBuildPhase;
			buildActionMask = 2147483647;
			files = (
			);
			runOnlyForDeploymentPostprocessing = 0;
		};
		B1C6C19B2C73D8CB00D3E9EE /* Frameworks */ = {
			isa = PBXFrameworksBuildPhase;
			buildActionMask = 2147483647;
			files = (
			);
			runOnlyForDeploymentPostprocessing = 0;
		};
/* End PBXFrameworksBuildPhase section */

/* Begin PBXGroup section */
		B1C6C1752C73D8C900D3E9EE = {
			isa = PBXGroup;
			children = (
				B1C6C1802C73D8CA00D3E9EE /* IntroductStudent */,
				B1C6C1972C73D8CB00D3E9EE /* IntroductStudentTests */,
				B1C6C1A12C73D8CB00D3E9EE /* IntroductStudentUITests */,
				B1C6C17F2C73D8CA00D3E9EE /* Products */,
			);
			sourceTree = "<group>";
		};
		B1C6C17F2C73D8CA00D3E9EE /* Products */ = {
			isa = PBXGroup;
			children = (
				B1C6C17E2C73D8CA00D3E9EE /* IntroductStudent.app */,
				B1C6C1942C73D8CB00D3E9EE /* IntroductStudentTests.xctest */,
				B1C6C19E2C73D8CB00D3E9EE /* IntroductStudentUITests.xctest */,
			);
			name = Products;
			sourceTree = "<group>";
		};
		B1C6C1802C73D8CA00D3E9EE /* IntroductStudent */ = {
			isa = PBXGroup;
			children = (
				B1C6C1812C73D8CA00D3E9EE /* AppDelegate.swift */,
				B1C6C1832C73D8CA00D3E9EE /* SceneDelegate.swift */,
				B1C6C1852C73D8CA00D3E9EE /* ViewController.swift */,
				B1C6C1872C73D8CA00D3E9EE /* Main.storyboard */,
				B1C6C18A2C73D8CB00D3E9EE /* Assets.xcassets */,
				B1C6C18C2C73D8CB00D3E9EE /* LaunchScreen.storyboard */,
				B1C6C18F2C73D8CB00D3E9EE /* Info.plist */,
			);
			path = IntroductStudent;
			sourceTree = "<group>";
		};
		B1C6C1972C73D8CB00D3E9EE /* IntroductStudentTests */ = {
			isa = PBXGroup;
			children = (
				B1C6C1982C73D8CB00D3E9EE /* IntroductStudentTests.swift */,
			);
			path = IntroductStudentTests;
			sourceTree = "<group>";
		};
		B1C6C1A12C73D8CB00D3E9EE /* IntroductStudentUITests */ = {
			isa = PBXGroup;
			children = (
				B1C6C1A22C73D8CB00D3E9EE /* IntroductStudentUITests.swift */,
				B1C6C1A42C73D8CB00D3E9EE /* IntroductStudentUITestsLaunchTests.swift */,
			);
			path = IntroductStudentUITests;
			sourceTree = "<group>";
		};
/* End PBXGroup section */

/* Begin PBXNativeTarget section */
		B1C6C17D2C73D8C900D3E9EE /* IntroductStudent */ = {
			isa = PBXNativeTarget;
			buildConfigurationList = B1C6C1A82C73D8CB00D3E9EE /* Build configuration list for PBXNativeTarget "IntroductStudent" */;
			buildPhases = (
				B1C6C17A2C73D8C900D3E9EE /* Sources */,
				B1C6C17B2C73D8C900D3E9EE /* Frameworks */,
				B1C6C17C2C73D8C900D3E9EE /* Resources */,
			);
			buildRules = (
			);
			dependencies = (
			);
			name = IntroductStudent;
			productName = IntroductStudent;
			productReference = B1C6C17E2C73D8CA00D3E9EE /* IntroductStudent.app */;
			productType = "com.apple.product-type.application";
		};
		B1C6C1932C73D8CB00D3E9EE /* IntroductStudentTests */ = {
			isa = PBXNativeTarget;
			buildConfigurationList = B1C6C1AB2C73D8CB00D3E9EE /* Build configuration list for PBXNativeTarget "IntroductStudentTests" */;
			buildPhases = (
				B1C6C1902C73D8CB00D3E9EE /* Sources */,
				B1C6C1912C73D8CB00D3E9EE /* Frameworks */,
				B1C6C1922C73D8CB00D3E9EE /* Resources */,
			);
			buildRules = (
			);
			dependencies = (
				B1C6C1962C73D8CB00D3E9EE /* PBXTargetDependency */,
			);
			name = IntroductStudentTests;
			productName = IntroductStudentTests;
			productReference = B1C6C1942C73D8CB00D3E9EE /* IntroductStudentTests.xctest */;
			productType = "com.apple.product-type.bundle.unit-test";
		};
		B1C6C19D2C73D8CB00D3E9EE /* IntroductStudentUITests */ = {
			isa = PBXNativeTarget;
			buildConfigurationList = B1C6C1AE2C73D8CB00D3E9EE /* Build configuration list for PBXNativeTarget "IntroductStudentUITests" */;
			buildPhases = (
				B1C6C19A2C73D8CB00D3E9EE /* Sources */,
				B1C6C19B2C73D8CB00D3E9EE /* Frameworks */,
				B1C6C19C2C73D8CB00D3E9EE /* Resources */,
			);
			buildRules = (
			);
			dependencies = (
				B1C6C1A02C73D8CB00D3E9EE /* PBXTargetDependency */,
			);
			name = IntroductStudentUITests;
			productName = IntroductStudentUITests;
			productReference = B1C6C19E2C73D8CB00D3E9EE /* IntroductStudentUITests.xctest */;
			productType = "com.apple.product-type.bundle.ui-testing";
		};
/* End PBXNativeTarget section */

/* Begin PBXProject section */
		B1C6C1762C73D8C900D3E9EE /* Project object */ = {
			isa = PBXProject;
			attributes = {
				BuildIndependentTargetsInParallel = 1;
				LastSwiftUpdateCheck = 1540;
				LastUpgradeCheck = 1540;
				TargetAttributes = {
					B1C6C17D2C73D8C900D3E9EE = {
						CreatedOnToolsVersion = 15.4;
					};
					B1C6C1932C73D8CB00D3E9EE = {
						CreatedOnToolsVersion = 15.4;
						TestTargetID = B1C6C17D2C73D8C900D3E9EE;
					};
					B1C6C19D2C73D8CB00D3E9EE = {
						CreatedOnToolsVersion = 15.4;
						TestTargetID = B1C6C17D2C73D8C900D3E9EE;
					};
				};
			};
			buildConfigurationList = B1C6C1792C73D8C900D3E9EE /* Build configuration list for PBXProject "IntroductStudent" */;
			compatibilityVersion = "Xcode 14.0";
			developmentRegion = en;
			hasScannedForEncodings = 0;
			knownRegions = (
				en,
				Base,
			);
			mainGroup = B1C6C1752C73D8C900D3E9EE;
			productRefGroup = B1C6C17F2C73D8CA00D3E9EE /* Products */;
			projectDirPath = "";
			projectRoot = "";
			targets = (
				B1C6C17D2C73D8C900D3E9EE /* IntroductStudent */,
				B1C6C1932C73D8CB00D3E9EE /* IntroductStudentTests */,
				B1C6C19D2C73D8CB00D3E9EE /* IntroductStudentUITests */,
			);
		};
/* End PBXProject section */

/* Begin PBXResourcesBuildPhase section */
		B1C6C17C2C73D8C900D3E9EE /* Resources */ = {
			isa = PBXResourcesBuildPhase;
			buildActionMask = 2147483647;
			files = (
				B1C6C18B2C73D8CB00D3E9EE /* Assets.xcassets in Resources */,
				B1C6C18E2C73D8CB00D3E9EE /* Base in Resources */,
				B1C6C1892C73D8CA00D3E9EE /* Base in Resources */,
			);
			runOnlyForDeploymentPostprocessing = 0;
		};
		B1C6C1922C73D8CB00D3E9EE /* Resources */ = {
			isa = PBXResourcesBuildPhase;
			buildActionMask = 2147483647;
			files = (
			);
			runOnlyForDeploymentPostprocessing = 0;
		};
		B1C6C19C2C73D8CB00D3E9EE /* Resources */ = {
			isa = PBXResourcesBuildPhase;
			buildActionMask = 2147483647;
			files = (
			);
			runOnlyForDeploymentPostprocessing = 0;
		};
/* End PBXResourcesBuildPhase section */

/* Begin PBXSourcesBuildPhase section */
		B1C6C17A2C73D8C900D3E9EE /* Sources */ = {
			isa = PBXSourcesBuildPhase;
			buildActionMask = 2147483647;
			files = (
				B1C6C1862C73D8CA00D3E9EE /* ViewController.swift in Sources */,
				B1C6C1822C73D8CA00D3E9EE /* AppDelegate.swift in Sources */,
				B1C6C1842C73D8CA00D3E9EE /* SceneDelegate.swift in Sources */,
			);
			runOnlyForDeploymentPostprocessing = 0;
		};
		B1C6C1902C73D8CB00D3E9EE /* Sources */ = {
			isa = PBXSourcesBuildPhase;
			buildActionMask = 2147483647;
			files = (
				B1C6C1992C73D8CB00D3E9EE /* IntroductStudentTests.swift in Sources */,
			);
			runOnlyForDeploymentPostprocessing = 0;
		};
		B1C6C19A2C73D8CB00D3E9EE /* Sources */ = {
			isa = PBXSourcesBuildPhase;
			buildActionMask = 2147483647;
			files = (
				B1C6C1A32C73D8CB00D3E9EE /* IntroductStudentUITests.swift in Sources */,
				B1C6C1A52C73D8CB00D3E9EE /* IntroductStudentUITestsLaunchTests.swift in Sources */,
			);
			runOnlyForDeploymentPostprocessing = 0;
		};
/* End PBXSourcesBuildPhase section */

/* Begin PBXTargetDependency section */
		B1C6C1962C73D8CB00D3E9EE /* PBXTargetDependency */ = {
			isa = PBXTargetDependency;
			target = B1C6C17D2C73D8C900D3E9EE /* IntroductStudent */;
			targetProxy = B1C6C1952C73D8CB00D3E9EE /* PBXContainerItemProxy */;
		};
		B1C6C1A02C73D8CB00D3E9EE /* PBXTargetDependency */ = {
			isa = PBXTargetDependency;
			target = B1C6C17D2C73D8C900D3E9EE /* IntroductStudent */;
			targetProxy = B1C6C19F2C73D8CB00D3E9EE /* PBXContainerItemProxy */;
		};
/* End PBXTargetDependency section */

/* Begin PBXVariantGroup section */
		B1C6C1872C73D8CA00D3E9EE /* Main.storyboard */ = {
			isa = PBXVariantGroup;
			children = (
				B1C6C1882C73D8CA00D3E9EE /* Base */,
			);
			name = Main.storyboard;
			sourceTree = "<group>";
		};
		B1C6C18C2C73D8CB00D3E9EE /* LaunchScreen.storyboard */ = {
			isa = PBXVariantGroup;
			children = (
				B1C6C18D2C73D8CB00D3E9EE /* Base */,
			);
			name = LaunchScreen.storyboard;
			sourceTree = "<group>";
		};
/* End PBXVariantGroup section */

/* Begin XCBuildConfiguration section */
		B1C6C1A62C73D8CB00D3E9EE /* Debug */ = {
			isa = XCBuildConfiguration;
			buildSettings = {
				ALWAYS_SEARCH_USER_PATHS = NO;
				ASSETCATALOG_COMPILER_GENERATE_SWIFT_ASSET_SYMBOL_EXTENSIONS = YES;
				CLANG_ANALYZER_NONNULL = YES;
				CLANG_ANALYZER_NUMBER_OBJECT_CONVERSION = YES_AGGRESSIVE;
				CLANG_CXX_LANGUAGE_STANDARD = "gnu++20";
				CLANG_ENABLE_MODULES = YES;
				CLANG_ENABLE_OBJC_ARC = YES;
				CLANG_ENABLE_OBJC_WEAK = YES;
				CLANG_WARN_BLOCK_CAPTURE_AUTORELEASING = YES;
				CLANG_WARN_BOOL_CONVERSION = YES;
				CLANG_WARN_COMMA = YES;
				CLANG_WARN_CONSTANT_CONVERSION = YES;
				CLANG_WARN_DEPRECATED_OBJC_IMPLEMENTATIONS = YES;
				CLANG_WARN_DIRECT_OBJC_ISA_USAGE = YES_ERROR;
				CLANG_WARN_DOCUMENTATION_COMMENTS = YES;
				CLANG_WARN_EMPTY_BODY = YES;
				CLANG_WARN_ENUM_CONVERSION = YES;
				CLANG_WARN_INFINITE_RECURSION = YES;
				CLANG_WARN_INT_CONVERSION = YES;
				CLANG_WARN_NON_LITERAL_NULL_CONVERSION = YES;
				CLANG_WARN_OBJC_IMPLICIT_RETAIN_SELF = YES;
				CLANG_WARN_OBJC_LITERAL_CONVERSION = YES;
				CLANG_WARN_OBJC_ROOT_CLASS = YES_ERROR;
				CLANG_WARN_QUOTED_INCLUDE_IN_FRAMEWORK_HEADER = YES;
				CLANG_WARN_RANGE_LOOP_ANALYSIS = YES;
				CLANG_WARN_STRICT_PROTOTYPES = YES;
				CLANG_WARN_SUSPICIOUS_MOVE = YES;
				CLANG_WARN_UNGUARDED_AVAILABILITY = YES_AGGRESSIVE;
				CLANG_WARN_UNREACHABLE_CODE = YES;
				CLANG_WARN__DUPLICATE_METHOD_MATCH = YES;
				COPY_PHASE_STRIP = NO;
				DEBUG_INFORMATION_FORMAT = dwarf;
				ENABLE_STRICT_OBJC_MSGSEND = YES;
				ENABLE_TESTABILITY = YES;
				ENABLE_USER_SCRIPT_SANDBOXING = YES;
				GCC_C_LANGUAGE_STANDARD = gnu17;
				GCC_DYNAMIC_NO_PIC = NO;
				GCC_NO_COMMON_BLOCKS = YES;
				GCC_OPTIMIZATION_LEVEL = 0;
				GCC_PREPROCESSOR_DEFINITIONS = (
					"DEBUG=1",
					"$(inherited)",
				);
				GCC_WARN_64_TO_32_BIT_CONVERSION = YES;
				GCC_WARN_ABOUT_RETURN_TYPE = YES_ERROR;
				GCC_WARN_UNDECLARED_SELECTOR = YES;
				GCC_WARN_UNINITIALIZED_AUTOS = YES_AGGRESSIVE;
				GCC_WARN_UNUSED_FUNCTION = YES;
				GCC_WARN_UNUSED_VARIABLE = YES;
				IPHONEOS_DEPLOYMENT_TARGET = 17.5;
				LOCALIZATION_PREFERS_STRING_CATALOGS = YES;
				MTL_ENABLE_DEBUG_INFO = INCLUDE_SOURCE;
				MTL_FAST_MATH = YES;
				ONLY_ACTIVE_ARCH = YES;
				SDKROOT = iphoneos;
				SWIFT_ACTIVE_COMPILATION_CONDITIONS = "DEBUG $(inherited)";
				SWIFT_OPTIMIZATION_LEVEL = "-Onone";
			};
			name = Debug;
		};
		B1C6C1A72C73D8CB00D3E9EE /* Release */ = {
			isa = XCBuildConfiguration;
			buildSettings = {
				ALWAYS_SEARCH_USER_PATHS = NO;
				ASSETCATALOG_COMPILER_GENERATE_SWIFT_ASSET_SYMBOL_EXTENSIONS = YES;
				CLANG_ANALYZER_NONNULL = YES;
				CLANG_ANALYZER_NUMBER_OBJECT_CONVERSION = YES_AGGRESSIVE;
				CLANG_CXX_LANGUAGE_STANDARD = "gnu++20";
				CLANG_ENABLE_MODULES = YES;
				CLANG_ENABLE_OBJC_ARC = YES;
				CLANG_ENABLE_OBJC_WEAK = YES;
				CLANG_WARN_BLOCK_CAPTURE_AUTORELEASING = YES;
				CLANG_WARN_BOOL_CONVERSION = YES;
				CLANG_WARN_COMMA = YES;
				CLANG_WARN_CONSTANT_CONVERSION = YES;
				CLANG_WARN_DEPRECATED_OBJC_IMPLEMENTATIONS = YES;
				CLANG_WARN_DIRECT_OBJC_ISA_USAGE = YES_ERROR;
				CLANG_WARN_DOCUMENTATION_COMMENTS = YES;
				CLANG_WARN_EMPTY_BODY = YES;
				CLANG_WARN_ENUM_CONVERSION = YES;
				CLANG_WARN_INFINITE_RECURSION = YES;
				CLANG_WARN_INT_CONVERSION = YES;
				CLANG_WARN_NON_LITERAL_NULL_CONVERSION = YES;
				CLANG_WARN_OBJC_IMPLICIT_RETAIN_SELF = YES;
				CLANG_WARN_OBJC_LITERAL_CONVERSION = YES;
				CLANG_WARN_OBJC_ROOT_CLASS = YES_ERROR;
				CLANG_WARN_QUOTED_INCLUDE_IN_FRAMEWORK_HEADER = YES;
				CLANG_WARN_RANGE_LOOP_ANALYSIS = YES;
				CLANG_WARN_STRICT_PROTOTYPES = YES;
				CLANG_WARN_SUSPICIOUS_MOVE = YES;
				CLANG_WARN_UNGUARDED_AVAILABILITY = YES_AGGRESSIVE;
				CLANG_WARN_UNREACHABLE_CODE = YES;
				CLANG_WARN__DUPLICATE_METHOD_MATCH = YES;
				COPY_PHASE_STRIP = NO;
				DEBUG_INFORMATION_FORMAT = "dwarf-with-dsym";
				ENABLE_NS_ASSERTIONS = NO;
				ENABLE_STRICT_OBJC_MSGSEND = YES;
				ENABLE_USER_SCRIPT_SANDBOXING = YES;
				GCC_C_LANGUAGE_STANDARD = gnu17;
				GCC_NO_COMMON_BLOCKS = YES;
				GCC_WARN_64_TO_32_BIT_CONVERSION = YES;
				GCC_WARN_ABOUT_RETURN_TYPE = YES_ERROR;
				GCC_WARN_UNDECLARED_SELECTOR = YES;
				GCC_WARN_UNINITIALIZED_AUTOS = YES_AGGRESSIVE;
				GCC_WARN_UNUSED_FUNCTION = YES;
				GCC_WARN_UNUSED_VARIABLE = YES;
				IPHONEOS_DEPLOYMENT_TARGET = 17.5;
				LOCALIZATION_PREFERS_STRING_CATALOGS = YES;
				MTL_ENABLE_DEBUG_INFO = NO;
				MTL_FAST_MATH = YES;
				SDKROOT = iphoneos;
				SWIFT_COMPILATION_MODE = wholemodule;
				VALIDATE_PRODUCT = YES;
			};
			name = Release;
		};
		B1C6C1A92C73D8CB00D3E9EE /* Debug */ = {
			isa = XCBuildConfiguration;
			buildSettings = {
				ASSETCATALOG_COMPILER_APPICON_NAME = AppIcon;
				ASSETCATALOG_COMPILER_GLOBAL_ACCENT_COLOR_NAME = AccentColor;
				CODE_SIGN_STYLE = Automatic;
				CURRENT_PROJECT_VERSION = 1;
				GENERATE_INFOPLIST_FILE = YES;
				INFOPLIST_FILE = IntroductStudent/Info.plist;
				INFOPLIST_KEY_UIApplicationSupportsIndirectInputEvents = YES;
				INFOPLIST_KEY_UILaunchStoryboardName = LaunchScreen;
				INFOPLIST_KEY_UIMainStoryboardFile = Main;
				INFOPLIST_KEY_UISupportedInterfaceOrientations_iPad = "UIInterfaceOrientationPortrait UIInterfaceOrientationPortraitUpsideDown UIInterfaceOrientationLandscapeLeft UIInterfaceOrientationLandscapeRight";
				INFOPLIST_KEY_UISupportedInterfaceOrientations_iPhone = "UIInterfaceOrientationPortrait UIInterfaceOrientationLandscapeLeft UIInterfaceOrientationLandscapeRight";
				IPHONEOS_DEPLOYMENT_TARGET = 16.0;
				LD_RUNPATH_SEARCH_PATHS = (
					"$(inherited)",
					"@executable_path/Frameworks",
				);
				MARKETING_VERSION = 1.0;
				PRODUCT_BUNDLE_IDENTIFIER = TychoCollins.IntroductStudent;
				PRODUCT_NAME = "$(TARGET_NAME)";
				SWIFT_EMIT_LOC_STRINGS = YES;
				SWIFT_VERSION = 5.0;
				TARGETED_DEVICE_FAMILY = "1,2";
			};
			name = Debug;
		};
		B1C6C1AA2C73D8CB00D3E9EE /* Release */ = {
			isa = XCBuildConfiguration;
			buildSettings = {
				ASSETCATALOG_COMPILER_APPICON_NAME = AppIcon;
				ASSETCATALOG_COMPILER_GLOBAL_ACCENT_COLOR_NAME = AccentColor;
				CODE_SIGN_STYLE = Automatic;
				CURRENT_PROJECT_VERSION = 1;
				GENERATE_INFOPLIST_FILE = YES;
				INFOPLIST_FILE = IntroductStudent/Info.plist;
				INFOPLIST_KEY_UIApplicationSupportsIndirectInputEvents = YES;
				INFOPLIST_KEY_UILaunchStoryboardName = LaunchScreen;
				INFOPLIST_KEY_UIMainStoryboardFile = Main;
				INFOPLIST_KEY_UISupportedInterfaceOrientations_iPad = "UIInterfaceOrientationPortrait UIInterfaceOrientationPortraitUpsideDown UIInterfaceOrientationLandscapeLeft UIInterfaceOrientationLandscapeRight";
				INFOPLIST_KEY_UISupportedInterfaceOrientations_iPhone = "UIInterfaceOrientationPortrait UIInterfaceOrientationLandscapeLeft UIInterfaceOrientationLandscapeRight";
				IPHONEOS_DEPLOYMENT_TARGET = 16.0;
				LD_RUNPATH_SEARCH_PATHS = (
					"$(inherited)",
					"@executable_path/Frameworks",
				);
				MARKETING_VERSION = 1.0;
				PRODUCT_BUNDLE_IDENTIFIER = TychoCollins.IntroductStudent;
				PRODUCT_NAME = "$(TARGET_NAME)";
				SWIFT_EMIT_LOC_STRINGS = YES;
				SWIFT_VERSION = 5.0;
				TARGETED_DEVICE_FAMILY = "1,2";
			};
			name = Release;
		};
		B1C6C1AC2C73D8CB00D3E9EE /* Debug */ = {
			isa = XCBuildConfiguration;
			buildSettings = {
				ALWAYS_EMBED_SWIFT_STANDARD_LIBRARIES = YES;
				BUNDLE_LOADER = "$(TEST_HOST)";
				CODE_SIGN_STYLE = Automatic;
				CURRENT_PROJECT_VERSION = 1;
				GENERATE_INFOPLIST_FILE = YES;
				IPHONEOS_DEPLOYMENT_TARGET = 17.5;
				MARKETING_VERSION = 1.0;
				PRODUCT_BUNDLE_IDENTIFIER = TychoCollins.IntroductStudentTests;
				PRODUCT_NAME = "$(TARGET_NAME)";
				SWIFT_EMIT_LOC_STRINGS = NO;
				SWIFT_VERSION = 5.0;
				TARGETED_DEVICE_FAMILY = "1,2";
				TEST_HOST = "$(BUILT_PRODUCTS_DIR)/IntroductStudent.app/$(BUNDLE_EXECUTABLE_FOLDER_PATH)/IntroductStudent";
			};
			name = Debug;
		};
		B1C6C1AD2C73D8CB00D3E9EE /* Release */ = {
			isa = XCBuildConfiguration;
			buildSettings = {
				ALWAYS_EMBED_SWIFT_STANDARD_LIBRARIES = YES;
				BUNDLE_LOADER = "$(TEST_HOST)";
				CODE_SIGN_STYLE = Automatic;
				CURRENT_PROJECT_VERSION = 1;
				GENERATE_INFOPLIST_FILE = YES;
				IPHONEOS_DEPLOYMENT_TARGET = 17.5;
				MARKETING_VERSION = 1.0;
				PRODUCT_BUNDLE_IDENTIFIER = TychoCollins.IntroductStudentTests;
				PRODUCT_NAME = "$(TARGET_NAME)";
				SWIFT_EMIT_LOC_STRINGS = NO;
				SWIFT_VERSION = 5.0;
				TARGETED_DEVICE_FAMILY = "1,2";
				TEST_HOST = "$(BUILT_PRODUCTS_DIR)/IntroductStudent.app/$(BUNDLE_EXECUTABLE_FOLDER_PATH)/IntroductStudent";
			};
			name = Release;
		};
		B1C6C1AF2C73D8CB00D3E9EE /* Debug */ = {
			isa = XCBuildConfiguration;
			buildSettings = {
				ALWAYS_EMBED_SWIFT_STANDARD_LIBRARIES = YES;
				CODE_SIGN_STYLE = Automatic;
				CURRENT_PROJECT_VERSION = 1;
				GENERATE_INFOPLIST_FILE = YES;
				MARKETING_VERSION = 1.0;
				PRODUCT_BUNDLE_IDENTIFIER = TychoCollins.IntroductStudentUITests;
				PRODUCT_NAME = "$(TARGET_NAME)";
				SWIFT_EMIT_LOC_STRINGS = NO;
				SWIFT_VERSION = 5.0;
				TARGETED_DEVICE_FAMILY = "1,2";
				TEST_TARGET_NAME = IntroductStudent;
			};
			name = Debug;
		};
		B1C6C1B02C73D8CB00D3E9EE /* Release */ = {
			isa = XCBuildConfiguration;
			buildSettings = {
				ALWAYS_EMBED_SWIFT_STANDARD_LIBRARIES = YES;
				CODE_SIGN_STYLE = Automatic;
				CURRENT_PROJECT_VERSION = 1;
				GENERATE_INFOPLIST_FILE = YES;
				MARKETING_VERSION = 1.0;
				PRODUCT_BUNDLE_IDENTIFIER = TychoCollins.IntroductStudentUITests;
				PRODUCT_NAME = "$(TARGET_NAME)";
				SWIFT_EMIT_LOC_STRINGS = NO;
				SWIFT_VERSION = 5.0;
				TARGETED_DEVICE_FAMILY = "1,2";
				TEST_TARGET_NAME = IntroductStudent;
			};
			name = Release;
		};
/* End XCBuildConfiguration section */

/* Begin XCConfigurationList section */
		B1C6C1792C73D8C900D3E9EE /* Build configuration list for PBXProject "IntroductStudent" */ = {
			isa = XCConfigurationList;
			buildConfigurations = (
				B1C6C1A62C73D8CB00D3E9EE /* Debug */,
				B1C6C1A72C73D8CB00D3E9EE /* Release */,
			);
			defaultConfigurationIsVisible = 0;
			defaultConfigurationName = Release;
		};
		B1C6C1A82C73D8CB00D3E9EE /* Build configuration list for PBXNativeTarget "IntroductStudent" */ = {
			isa = XCConfigurationList;
			buildConfigurations = (
				B1C6C1A92C73D8CB00D3E9EE /* Debug */,
				B1C6C1AA2C73D8CB00D3E9EE /* Release */,
			);
			defaultConfigurationIsVisible = 0;
			defaultConfigurationName = Release;
		};
		B1C6C1AB2C73D8CB00D3E9EE /* Build configuration list for PBXNativeTarget "IntroductStudentTests" */ = {
			isa = XCConfigurationList;
			buildConfigurations = (
				B1C6C1AC2C73D8CB00D3E9EE /* Debug */,
				B1C6C1AD2C73D8CB00D3E9EE /* Release */,
			);
			defaultConfigurationIsVisible = 0;
			defaultConfigurationName = Release;
		};
		B1C6C1AE2C73D8CB00D3E9EE /* Build configuration list for PBXNativeTarget "IntroductStudentUITests" */ = {
			isa = XCConfigurationList;
			buildConfigurations = (
				B1C6C1AF2C73D8CB00D3E9EE /* Debug */,
				B1C6C1B02C73D8CB00D3E9EE /* Release */,
			);
			defaultConfigurationIsVisible = 0;
			defaultConfigurationName = Release;
		};
/* End XCConfigurationList section */
	};
	rootObject = B1C6C1762C73D8C900D3E9EE /* Project object */;
}
